
Microsoft Visual Studio Solution File, Format Version 12.00
# Visual Studio 15
VisualStudioVersion = 15.0.27130.2036
MinimumVisualStudioVersion = 10.0.40219.1
Project("{9A19103F-16F7-4668-BE54-9A1E7A4F7556}") = "Tester", "Tester\Tester.csproj", "{3B04B12B-27E1-41CC-882A-888A68787181}"
EndProject
Project("{9A19103F-16F7-4668-BE54-9A1E7A4F7556}") = "MRCSharpLib", "MRCSharpLib\MRCSharpLib.csproj", "{A5B98F0B-4034-4A26-AE52-A089FBEA844B}"
EndProject
Project("{FAE04EC0-301F-11D3-BF4B-00C04F79EFBC}") = "ImageSimulator", "ImageSimulator\ImageSimulator.csproj", "{A816D1AF-A5AD-4A8A-A203-3CCFE4B97C7C}"
EndProject
Global
	GlobalSection(SolutionConfigurationPlatforms) = preSolution
		Debug|Any CPU = Debug|Any CPU
		Release|Any CPU = Release|Any CPU
	EndGlobalSection
	GlobalSection(ProjectConfigurationPlatforms) = postSolution
		{3B04B12B-27E1-41CC-882A-888A68787181}.Debug|Any CPU.ActiveCfg = Debug|Any CPU
		{3B04B12B-27E1-41CC-882A-888A68787181}.Debug|Any CPU.Build.0 = Debug|Any CPU
		{3B04B12B-27E1-41CC-882A-888A68787181}.Release|Any CPU.ActiveCfg = Release|Any CPU
		{3B04B12B-27E1-41CC-882A-888A68787181}.Release|Any CPU.Build.0 = Release|Any CPU
		{A5B98F0B-4034-4A26-AE52-A089FBEA844B}.Debug|Any CPU.ActiveCfg = Debug|Any CPU
		{A5B98F0B-4034-4A26-AE52-A089FBEA844B}.Debug|Any CPU.Build.0 = Debug|Any CPU
		{A5B98F0B-4034-4A26-AE52-A089FBEA844B}.Release|Any CPU.ActiveCfg = Release|Any CPU
		{A5B98F0B-4034-4A26-AE52-A089FBEA844B}.Release|Any CPU.Build.0 = Release|Any CPU
		{A816D1AF-A5AD-4A8A-A203-3CCFE4B97C7C}.Debug|Any CPU.ActiveCfg = Debug|Any CPU
		{A816D1AF-A5AD-4A8A-A203-3CCFE4B97C7C}.Debug|Any CPU.Build.0 = Debug|Any CPU
		{A816D1AF-A5AD-4A8A-A203-3CCFE4B97C7C}.Release|Any CPU.ActiveCfg = Release|Any CPU
		{A816D1AF-A5AD-4A8A-A203-3CCFE4B97C7C}.Release|Any CPU.Build.0 = Release|Any CPU
	EndGlobalSection
	GlobalSection(SolutionProperties) = preSolution
		HideSolutionNode = FALSE
	EndGlobalSection
	GlobalSection(ExtensibilityGlobals) = postSolution
		SolutionGuid = {B2E723FB-EA01-4DDE-B1B8-B975AD9471D0}
	EndGlobalSection
EndGlobal
